[[package]]
category = "main"
description = "Fast and simple WSGI-framework for small web-applications."
name = "bottle"
optional = false
python-versions = "*"
version = "0.12.18"

[[package]]
category = "dev"
description = "Lightweight in-process concurrent programming"
name = "greenlet"
optional = false
python-versions = "*"
version = "0.4.15"

[[package]]
category = "dev"
description = "MessagePack (de)serializer."
name = "msgpack"
optional = false
python-versions = "*"
version = "0.6.2"

[[package]]
category = "dev"
description = "Transition packgage for pynvim"
name = "neovim"
optional = false
python-versions = "*"
version = "0.3.1"

[package.dependencies]
pynvim = ">=0.3.1"

[[package]]
category = "dev"
description = "Python client to neovim"
name = "pynvim"
optional = false
python-versions = "*"
version = "0.4.0"

[package.dependencies]
greenlet = "*"
msgpack = ">=0.5.0"

[package.extras]
pyuv = ["pyuv (>=1.0.0)"]
test = ["pytest (>=3.4.0)"]

[metadata]
content-hash = "7236cf58435a42da8de377b0f7d3668fd0b30fd21d1b1d3b902b12649641d066"
python-versions = "^3.5"

[metadata.files]
bottle = [
    {file = "bottle-0.12.18-py3-none-any.whl", hash = "sha256:43157254e88f32c6be16f8d9eb1f1d1472396a4e174ebd2bf62544854ecf37e7"},
    {file = "bottle-0.12.18.tar.gz", hash = "sha256:0819b74b145a7def225c0e83b16a4d5711fde751cd92bae467a69efce720f69e"},
]
greenlet = [
    {file = "greenlet-0.4.15-cp27-cp27m-manylinux1_x86_64.whl", hash = "sha256:99a26afdb82ea83a265137a398f570402aa1f2b5dfb4ac3300c026931817b163"},
    {file = "greenlet-0.4.15-cp27-cp27m-win32.whl", hash = "sha256:beeabe25c3b704f7d56b573f7d2ff88fc99f0138e43480cecdfcaa3b87fe4f87"},
    {file = "greenlet-0.4.15-cp27-cp27m-win_amd64.whl", hash = "sha256:9854f612e1b59ec66804931df5add3b2d5ef0067748ea29dc60f0efdcda9a638"},
    {file = "greenlet-0.4.15-cp27-cp27mu-manylinux1_x86_64.whl", hash = "sha256:ac57fcdcfb0b73bb3203b58a14501abb7e5ff9ea5e2edfa06bb03035f0cff248"},
    {file = "greenlet-0.4.15-cp33-cp33m-win32.whl", hash = "sha256:d634a7ea1fc3380ff96f9e44d8d22f38418c1c381d5fac680b272d7d90883720"},
    {file = "greenlet-0.4.15-cp33-cp33m-win_amd64.whl", hash = "sha256:0d48200bc50cbf498716712129eef819b1729339e34c3ae71656964dac907c28"},
    {file = "greenlet-0.4.15-cp34-cp34m-manylinux1_x86_64.whl", hash = "sha256:bcb530089ff24f6458a81ac3fa699e8c00194208a724b644ecc68422e1111939"},
    {file = "greenlet-0.4.15-cp34-cp34m-win32.whl", hash = "sha256:8b4572c334593d449113f9dc8d19b93b7b271bdbe90ba7509eb178923327b625"},
    {file = "greenlet-0.4.15-cp34-cp34m-win_amd64.whl", hash = "sha256:a9f145660588187ff835c55a7d2ddf6abfc570c2651c276d3d4be8a2766db490"},
    {file = "greenlet-0.4.15-cp35-cp35m-manylinux1_x86_64.whl", hash = "sha256:51503524dd6f152ab4ad1fbd168fc6c30b5795e8c70be4410a64940b3abb55c0"},
    {file = "greenlet-0.4.15-cp35-cp35m-win32.whl", hash = "sha256:a19bf883b3384957e4a4a13e6bd1ae3d85ae87f4beb5957e35b0be287f12f4e4"},
    {file = "greenlet-0.4.15-cp35-cp35m-win_amd64.whl", hash = "sha256:853da4f9563d982e4121fed8c92eea1a4594a2299037b3034c3c898cb8e933d6"},
    {file = "greenlet-0.4.15-cp36-cp36m-manylinux1_x86_64.whl", hash = "sha256:23d12eacffa9d0f290c0fe0c4e81ba6d5f3a5b7ac3c30a5eaf0126bf4deda5c8"},
    {file = "greenlet-0.4.15-cp36-cp36m-win32.whl", hash = "sha256:000546ad01e6389e98626c1367be58efa613fa82a1be98b0c6fc24b563acc6d0"},
    {file = "greenlet-0.4.15-cp36-cp36m-win_amd64.whl", hash = "sha256:d97b0661e1aead761f0ded3b769044bb00ed5d33e1ec865e891a8b128bf7c656"},
    {file = "greenlet-0.4.15-cp37-cp37m-manylinux1_x86_64.whl", hash = "sha256:8041e2de00e745c0e05a502d6e6db310db7faa7c979b3a5877123548a4c0b214"},
    {file = "greenlet-0.4.15-cp37-cp37m-win32.whl", hash = "sha256:81fcd96a275209ef117e9ec91f75c731fa18dcfd9ffaa1c0adbdaa3616a86043"},
    {file = "greenlet-0.4.15-cp37-cp37m-win_amd64.whl", hash = "sha256:37c9ba82bd82eb6a23c2e5acc03055c0e45697253b2393c9a50cef76a3985304"},
    {file = "greenlet-0.4.15.tar.gz", hash = "sha256:9416443e219356e3c31f1f918a91badf2e37acf297e2fa13d24d1cc2380f8fbc"},
]
msgpack = [
    {file = "msgpack-0.6.2-cp27-cp27m-manylinux1_i686.whl", hash = "sha256:774f5edc3475917cd95fe593e625d23d8580f9b48b570d8853d06cac171cd170"},
    {file = "msgpack-0.6.2-cp27-cp27m-manylinux1_x86_64.whl", hash = "sha256:a06efd0482a1942aad209a6c18321b5e22d64eb531ea20af138b28172d8f35ba"},
    {file = "msgpack-0.6.2-cp27-cp27m-win32.whl", hash = "sha256:8a3ada8401736df2bf497f65589293a86c56e197a80ae7634ec2c3150a2f5082"},
    {file = "msgpack-0.6.2-cp27-cp27m-win_amd64.whl", hash = "sha256:b8b4bd3dafc7b92608ae5462add1c8cc881851c2d4f5d8977fdea5b081d17f21"},
    {file = "msgpack-0.6.2-cp27-cp27mu-manylinux1_i686.whl", hash = "sha256:24149a75643aeaa81ece4259084d11b792308a6cf74e796cbb35def94c89a25a"},
    {file = "msgpack-0.6.2-cp27-cp27mu-manylinux1_x86_64.whl", hash = "sha256:757bd71a9b89e4f1db0622af4436d403e742506dbea978eba566815dc65ec895"},
    {file = "msgpack-0.6.2-cp35-cp35m-macosx_10_6_intel.whl", hash = "sha256:32fea0ea3cd1ef820286863a6202dcfd62a539b8ec3edcbdff76068a8c2cc6ce"},
    {file = "msgpack-0.6.2-cp35-cp35m-manylinux1_i686.whl", hash = "sha256:db7ff14abc73577b0bcbcf73ecff97d3580ecaa0fc8724babce21fdf3fe08ef6"},
    {file = "msgpack-0.6.2-cp35-cp35m-manylinux1_x86_64.whl", hash = "sha256:187794cd1eb73acccd528247e3565f6760bd842d7dc299241f830024a7dd5610"},
    {file = "msgpack-0.6.2-cp36-cp36m-macosx_10_6_intel.whl", hash = "sha256:b24afc52e18dccc8c175de07c1d680bdf315844566f4952b5bedb908894bec79"},
    {file = "msgpack-0.6.2-cp36-cp36m-manylinux1_i686.whl", hash = "sha256:355f7fd0f90134229eaeefaee3cf42e0afc8518e8f3cd4b25f541a7104dcb8f9"},
    {file = "msgpack-0.6.2-cp36-cp36m-manylinux1_x86_64.whl", hash = "sha256:76df51492bc6fa6cc8b65d09efdb67cbba3cbfe55004c3afc81352af92b4a43c"},
    {file = "msgpack-0.6.2-cp36-cp36m-win32.whl", hash = "sha256:f0f47bafe9c9b8ed03e19a100a743662dd8c6d0135e684feea720a0d0046d116"},
    {file = "msgpack-0.6.2-cp36-cp36m-win_amd64.whl", hash = "sha256:c6e5024fc0cdf7f83b6624850309ddd7e06c48a75fa0d1c5173de4d93300eb19"},
    {file = "msgpack-0.6.2-cp37-cp37m-macosx_10_14_x86_64.whl", hash = "sha256:30b88c47e0cdb6062daed88ca283b0d84fa0d2ad6c273aa0788152a1c643e408"},
    {file = "msgpack-0.6.2-cp37-cp37m-macosx_10_9_x86_64.whl", hash = "sha256:229a0ccdc39e9b6c6d1033cd8aecd9c296823b6c87f0de3943c59b8bc7c64bee"},
    {file = "msgpack-0.6.2-cp37-cp37m-manylinux1_i686.whl", hash = "sha256:4abdb88a9b67e64810fb54b0c24a1fd76b12297b4f7a1467d85a14dd8367191a"},
    {file = "msgpack-0.6.2-cp37-cp37m-manylinux1_x86_64.whl", hash = "sha256:dedf54d72d9e7b6d043c244c8213fe2b8bbfe66874b9a65b39c4cc892dd99dd4"},
    {file = "msgpack-0.6.2-cp37-cp37m-win32.whl", hash = "sha256:0cc7ca04e575ba34fea7cfcd76039f55def570e6950e4155a4174368142c8e1b"},
    {file = "msgpack-0.6.2-cp37-cp37m-win_amd64.whl", hash = "sha256:1904b7cb65342d0998b75908304a03cb004c63ef31e16c8c43fee6b989d7f0d7"},
    {file = "msgpack-0.6.2.tar.gz", hash = "sha256:ea3c2f859346fcd55fc46e96885301d9c2f7a36d453f5d8f2967840efa1e1830"},
]
neovim = [
    {file = "neovim-0.3.1.tar.gz", hash = "sha256:a6a0e7a5b4433bf4e6ddcbc5c5ff44170be7d84259d002b8e8d8fb4ee78af60f"},
]
pynvim = [
    {file = "pynvim-0.4.0.tar.gz", hash = "sha256:71fd8bb3285deeda8c259383066214e0d522a96bfb3ca4871333adfcb454e9d6"},
]
